// !$*UTF8*$!
{
	archiveVersion = 1;
	classes = {
	};
	objectVersion = 46;
	objects = {

/* Begin PBXBuildFile section */
		0429DB9F1A0B5FD300C7851C /* main.m in Sources */ = {isa = PBXBuildFile; fileRef = 0429DB9E1A0B5FD300C7851C /* main.m */; };
		0429DBA21A0B5FD300C7851C /* AppDelegate.m in Sources */ = {isa = PBXBuildFile; fileRef = 0429DBA11A0B5FD300C7851C /* AppDelegate.m */; };
		0429DBA81A0B5FD300C7851C /* Main.storyboard in Resources */ = {isa = PBXBuildFile; fileRef = 0429DBA61A0B5FD300C7851C /* Main.storyboard */; };
		0429DBAA1A0B5FD300C7851C /* Images.xcassets in Resources */ = {isa = PBXBuildFile; fileRef = 0429DBA91A0B5FD300C7851C /* Images.xcassets */; };
		0429DBAD1A0B5FD300C7851C /* LaunchScreen.xib in Resources */ = {isa = PBXBuildFile; fileRef = 0429DBAB1A0B5FD300C7851C /* LaunchScreen.xib */; };
		0429DBB91A0B5FD300C7851C /* _0141106_02ScrollNavigation__Tests.m in Sources */ = {isa = PBXBuildFile; fileRef = 0429DBB81A0B5FD300C7851C /* _0141106_02ScrollNavigation__Tests.m */; };
		0429DBC81A0B62E000C7851C /* TFScrollNavigationController.m in Sources */ = {isa = PBXBuildFile; fileRef = 0429DBC71A0B62E000C7851C /* TFScrollNavigationController.m */; };
		0429DBCB1A0B658F00C7851C /* TFScrollNavigationRootViewController.m in Sources */ = {isa = PBXBuildFile; fileRef = 0429DBCA1A0B658F00C7851C /* TFScrollNavigationRootViewController.m */; };
		0429DBCF1A0B691700C7851C /* BTTestAController.m in Sources */ = {isa = PBXBuildFile; fileRef = 0429DBCE1A0B691700C7851C /* BTTestAController.m */; };
		0429DBD21A0B70C800C7851C /* TestViewController.m in Sources */ = {isa = PBXBuildFile; fileRef = 0429DBD11A0B70C800C7851C /* TestViewController.m */; };
		0429DBD51A0B77F500C7851C /* BTTestBController.m in Sources */ = {isa = PBXBuildFile; fileRef = 0429DBD41A0B77F500C7851C /* BTTestBController.m */; };
		0429DBD81A0B7CE700C7851C /* TFScrollNavigationBar.m in Sources */ = {isa = PBXBuildFile; fileRef = 0429DBD71A0B7CE700C7851C /* TFScrollNavigationBar.m */; };
		0429DBDC1A0B9B4000C7851C /* UIColor+BTTools.m in Sources */ = {isa = PBXBuildFile; fileRef = 0429DBDB1A0B9B4000C7851C /* UIColor+BTTools.m */; };
/* End PBXBuildFile section */

/* Begin PBXContainerItemProxy section */
		0429DBB31A0B5FD300C7851C /* PBXContainerItemProxy */ = {
			isa = PBXContainerItemProxy;
			containerPortal = 0429DB911A0B5FD300C7851C /* Project object */;
			proxyType = 1;
			remoteGlobalIDString = 0429DB981A0B5FD300C7851C;
			remoteInfo = "20141106-02ScrollNavigation框架";
		};
/* End PBXContainerItemProxy section */

/* Begin PBXFileReference section */
		0429DB991A0B5FD300C7851C /* 20141106-02ScrollNavigation框架.app */ = {isa = PBXFileReference; explicitFileType = wrapper.application; includeInIndex = 0; path = "20141106-02ScrollNavigation框架.app"; sourceTree = BUILT_PRODUCTS_DIR; };
		0429DB9D1A0B5FD300C7851C /* Info.plist */ = {isa = PBXFileReference; lastKnownFileType = text.plist.xml; path = Info.plist; sourceTree = "<group>"; };
		0429DB9E1A0B5FD300C7851C /* main.m */ = {isa = PBXFileReference; lastKnownFileType = sourcecode.c.objc; path = main.m; sourceTree = "<group>"; };
		0429DBA01A0B5FD300C7851C /* AppDelegate.h */ = {isa = PBXFileReference; lastKnownFileType = sourcecode.c.h; path = AppDelegate.h; sourceTree = "<group>"; };
		0429DBA11A0B5FD300C7851C /* AppDelegate.m */ = {isa = PBXFileReference; lastKnownFileType = sourcecode.c.objc; path = AppDelegate.m; sourceTree = "<group>"; };
		0429DBA71A0B5FD300C7851C /* Base */ = {isa = PBXFileReference; lastKnownFileType = file.storyboard; name = Base; path = Base.lproj/Main.storyboard; sourceTree = "<group>"; };
		0429DBA91A0B5FD300C7851C /* Images.xcassets */ = {isa = PBXFileReference; lastKnownFileType = folder.assetcatalog; path = Images.xcassets; sourceTree = "<group>"; };
		0429DBAC1A0B5FD300C7851C /* Base */ = {isa = PBXFileReference; lastKnownFileType = file.xib; name = Base; path = Base.lproj/LaunchScreen.xib; sourceTree = "<group>"; };
		0429DBB21A0B5FD300C7851C /* 20141106-02ScrollNavigation框架Tests.xctest */ = {isa = PBXFileReference; explicitFileType = wrapper.cfbundle; includeInIndex = 0; path = "20141106-02ScrollNavigation框架Tests.xctest"; sourceTree = BUILT_PRODUCTS_DIR; };
		0429DBB71A0B5FD300C7851C /* Info.plist */ = {isa = PBXFileReference; lastKnownFileType = text.plist.xml; path = Info.plist; sourceTree = "<group>"; };
		0429DBB81A0B5FD300C7851C /* _0141106_02ScrollNavigation__Tests.m */ = {isa = PBXFileReference; lastKnownFileType = sourcecode.c.objc; path = _0141106_02ScrollNavigation__Tests.m; sourceTree = "<group>"; };
		0429DBC61A0B62E000C7851C /* TFScrollNavigationController.h */ = {isa = PBXFileReference; fileEncoding = 4; lastKnownFileType = sourcecode.c.h; path = TFScrollNavigationController.h; sourceTree = "<group>"; };
		0429DBC71A0B62E000C7851C /* TFScrollNavigationController.m */ = {isa = PBXFileReference; fileEncoding = 4; lastKnownFileType = sourcecode.c.objc; path = TFScrollNavigationController.m; sourceTree = "<group>"; };
		0429DBC91A0B658F00C7851C /* TFScrollNavigationRootViewController.h */ = {isa = PBXFileReference; fileEncoding = 4; lastKnownFileType = sourcecode.c.h; path = TFScrollNavigationRootViewController.h; sourceTree = "<group>"; };
		0429DBCA1A0B658F00C7851C /* TFScrollNavigationRootViewController.m */ = {isa = PBXFileReference; fileEncoding = 4; lastKnownFileType = sourcecode.c.objc; path = TFScrollNavigationRootViewController.m; sourceTree = "<group>"; };
		0429DBCD1A0B691700C7851C /* BTTestAController.h */ = {isa = PBXFileReference; fileEncoding = 4; lastKnownFileType = sourcecode.c.h; path = BTTestAController.h; sourceTree = "<group>"; };
		0429DBCE1A0B691700C7851C /* BTTestAController.m */ = {isa = PBXFileReference; fileEncoding = 4; lastKnownFileType = sourcecode.c.objc; path = BTTestAController.m; sourceTree = "<group>"; };
		0429DBD01A0B70C800C7851C /* TestViewController.h */ = {isa = PBXFileReference; fileEncoding = 4; lastKnownFileType = sourcecode.c.h; path = TestViewController.h; sourceTree = "<group>"; };
		0429DBD11A0B70C800C7851C /* TestViewController.m */ = {isa = PBXFileReference; fileEncoding = 4; lastKnownFileType = sourcecode.c.objc; path = TestViewController.m; sourceTree = "<group>"; };
		0429DBD31A0B77F500C7851C /* BTTestBController.h */ = {isa = PBXFileReference; fileEncoding = 4; lastKnownFileType = sourcecode.c.h; path = BTTestBController.h; sourceTree = "<group>"; };
		0429DBD41A0B77F500C7851C /* BTTestBController.m */ = {isa = PBXFileReference; fileEncoding = 4; lastKnownFileType = sourcecode.c.objc; path = BTTestBController.m; sourceTree = "<group>"; };
		0429DBD61A0B7CE700C7851C /* TFScrollNavigationBar.h */ = {isa = PBXFileReference; fileEncoding = 4; lastKnownFileType = sourcecode.c.h; path = TFScrollNavigationBar.h; sourceTree = "<group>"; };
		0429DBD71A0B7CE700C7851C /* TFScrollNavigationBar.m */ = {isa = PBXFileReference; fileEncoding = 4; lastKnownFileType = sourcecode.c.objc; path = TFScrollNavigationBar.m; sourceTree = "<group>"; };
		0429DBDA1A0B9B4000C7851C /* UIColor+BTTools.h */ = {isa = PBXFileReference; fileEncoding = 4; lastKnownFileType = sourcecode.c.h; path = "UIColor+BTTools.h"; sourceTree = "<group>"; };
		0429DBDB1A0B9B4000C7851C /* UIColor+BTTools.m */ = {isa = PBXFileReference; fileEncoding = 4; lastKnownFileType = sourcecode.c.objc; path = "UIColor+BTTools.m"; sourceTree = "<group>"; };
/* End PBXFileReference section */

/* Begin PBXFrameworksBuildPhase section */
		0429DB961A0B5FD300C7851C /* Frameworks */ = {
			isa = PBXFrameworksBuildPhase;
			buildActionMask = 2147483647;
			files = (
			);
			runOnlyForDeploymentPostprocessing = 0;
		};
		0429DBAF1A0B5FD300C7851C /* Frameworks */ = {
			isa = PBXFrameworksBuildPhase;
			buildActionMask = 2147483647;
			files = (
			);
			runOnlyForDeploymentPostprocessing = 0;
		};
/* End PBXFrameworksBuildPhase section */

/* Begin PBXGroup section */
		0429DB901A0B5FD300C7851C = {
			isa = PBXGroup;
			children = (
				0429DB9B1A0B5FD300C7851C /* 20141106-02ScrollNavigation框架 */,
				0429DBB51A0B5FD300C7851C /* 20141106-02ScrollNavigation框架Tests */,
				0429DB9A1A0B5FD300C7851C /* Products */,
			);
			sourceTree = "<group>";
		};
		0429DB9A1A0B5FD300C7851C /* Products */ = {
			isa = PBXGroup;
			children = (
				0429DB991A0B5FD300C7851C /* 20141106-02ScrollNavigation框架.app */,
				0429DBB21A0B5FD300C7851C /* 20141106-02ScrollNavigation框架Tests.xctest */,
			);
			name = Products;
			sourceTree = "<group>";
		};
		0429DB9B1A0B5FD300C7851C /* 20141106-02ScrollNavigation框架 */ = {
			isa = PBXGroup;
			children = (
				0429DBD91A0B9B4000C7851C /* UIColor */,
				0429DBCC1A0B68EB00C7851C /* testView */,
				0429DBC51A0B62E000C7851C /* TFScrollNavigationController */,
				0429DBA01A0B5FD300C7851C /* AppDelegate.h */,
				0429DBA11A0B5FD300C7851C /* AppDelegate.m */,
				0429DBA91A0B5FD300C7851C /* Images.xcassets */,
				0429DBAB1A0B5FD300C7851C /* LaunchScreen.xib */,
				0429DBD01A0B70C800C7851C /* TestViewController.h */,
				0429DBD11A0B70C800C7851C /* TestViewController.m */,
				0429DB9C1A0B5FD300C7851C /* Supporting Files */,
			);
			path = "20141106-02ScrollNavigation框架";
			sourceTree = "<group>";
		};
		0429DB9C1A0B5FD300C7851C /* Supporting Files */ = {
			isa = PBXGroup;
			children = (
				0429DBA61A0B5FD300C7851C /* Main.storyboard */,
				0429DB9D1A0B5FD300C7851C /* Info.plist */,
				0429DB9E1A0B5FD300C7851C /* main.m */,
			);
			name = "Supporting Files";
			sourceTree = "<group>";
		};
		0429DBB51A0B5FD300C7851C /* 20141106-02ScrollNavigation框架Tests */ = {
			isa = PBXGroup;
			children = (
				0429DBB81A0B5FD300C7851C /* _0141106_02ScrollNavigation__Tests.m */,
				0429DBB61A0B5FD300C7851C /* Supporting Files */,
			);
			path = "20141106-02ScrollNavigation框架Tests";
			sourceTree = "<group>";
		};
		0429DBB61A0B5FD300C7851C /* Supporting Files */ = {
			isa = PBXGroup;
			children = (
				0429DBB71A0B5FD300C7851C /* Info.plist */,
			);
			name = "Supporting Files";
			sourceTree = "<group>";
		};
		0429DBC51A0B62E000C7851C /* TFScrollNavigationController */ = {
			isa = PBXGroup;
			children = (
				0429DBC61A0B62E000C7851C /* TFScrollNavigationController.h */,
				0429DBC71A0B62E000C7851C /* TFScrollNavigationController.m */,
				0429DBC91A0B658F00C7851C /* TFScrollNavigationRootViewController.h */,
				0429DBCA1A0B658F00C7851C /* TFScrollNavigationRootViewController.m */,
				0429DBD61A0B7CE700C7851C /* TFScrollNavigationBar.h */,
				0429DBD71A0B7CE700C7851C /* TFScrollNavigationBar.m */,
			);
			path = TFScrollNavigationController;
			sourceTree = "<group>";
		};
		0429DBCC1A0B68EB00C7851C /* testView */ = {
			isa = PBXGroup;
			children = (
				0429DBCD1A0B691700C7851C /* BTTestAController.h */,
				0429DBCE1A0B691700C7851C /* BTTestAController.m */,
				0429DBD31A0B77F500C7851C /* BTTestBController.h */,
				0429DBD41A0B77F500C7851C /* BTTestBController.m */,
			);
			name = testView;
			sourceTree = "<group>";
		};
		0429DBD91A0B9B4000C7851C /* UIColor */ = {
			isa = PBXGroup;
			children = (
				0429DBDA1A0B9B4000C7851C /* UIColor+BTTools.h */,
				0429DBDB1A0B9B4000C7851C /* UIColor+BTTools.m */,
			);
			path = UIColor;
			sourceTree = "<group>";
		};
/* End PBXGroup section */

/* Begin PBXNativeTarget section */
		0429DB981A0B5FD300C7851C /* 20141106-02ScrollNavigation框架 */ = {
			isa = PBXNativeTarget;
			buildConfigurationList = 0429DBBC1A0B5FD300C7851C /* Build configuration list for PBXNativeTarget "20141106-02ScrollNavigation框架" */;
			buildPhases = (
				0429DB951A0B5FD300C7851C /* Sources */,
				0429DB961A0B5FD300C7851C /* Frameworks */,
				0429DB971A0B5FD300C7851C /* Resources */,
			);
			buildRules = (
			);
			dependencies = (
			);
			name = "20141106-02ScrollNavigation框架";
			productName = "20141106-02ScrollNavigation框架";
			productReference = 0429DB991A0B5FD300C7851C /* 20141106-02ScrollNavigation框架.app */;
			productType = "com.apple.product-type.application";
		};
		0429DBB11A0B5FD300C7851C /* 20141106-02ScrollNavigation框架Tests */ = {
			isa = PBXNativeTarget;
			buildConfigurationList = 0429DBBF1A0B5FD300C7851C /* Build configuration list for PBXNativeTarget "20141106-02ScrollNavigation框架Tests" */;
			buildPhases = (
				0429DBAE1A0B5FD300C7851C /* Sources */,
				0429DBAF1A0B5FD300C7851C /* Frameworks */,
				0429DBB01A0B5FD300C7851C /* Resources */,
			);
			buildRules = (
			);
			dependencies = (
				0429DBB41A0B5FD300C7851C /* PBXTargetDependency */,
			);
			name = "20141106-02ScrollNavigation框架Tests";
			productName = "20141106-02ScrollNavigation框架Tests";
			productReference = 0429DBB21A0B5FD300C7851C /* 20141106-02ScrollNavigation框架Tests.xctest */;
			productType = "com.apple.product-type.bundle.unit-test";
		};
/* End PBXNativeTarget section */

/* Begin PBXProject section */
		0429DB911A0B5FD300C7851C /* Project object */ = {
			isa = PBXProject;
			attributes = {
				LastUpgradeCheck = 0610;
				ORGANIZATIONNAME = "朱佰通";
				TargetAttributes = {
					0429DB981A0B5FD300C7851C = {
						CreatedOnToolsVersion = 6.1;
					};
					0429DBB11A0B5FD300C7851C = {
						CreatedOnToolsVersion = 6.1;
						TestTargetID = 0429DB981A0B5FD300C7851C;
					};
				};
			};
			buildConfigurationList = 0429DB941A0B5FD300C7851C /* Build configuration list for PBXProject "20141106-02ScrollNavigation框架" */;
			compatibilityVersion = "Xcode 3.2";
			developmentRegion = English;
			hasScannedForEncodings = 0;
			knownRegions = (
				en,
				Base,
			);
			mainGroup = 0429DB901A0B5FD300C7851C;
			productRefGroup = 0429DB9A1A0B5FD300C7851C /* Products */;
			projectDirPath = "";
			projectRoot = "";
			targets = (
				0429DB981A0B5FD300C7851C /* 20141106-02ScrollNavigation框架 */,
				0429DBB11A0B5FD300C7851C /* 20141106-02ScrollNavigation框架Tests */,
			);
		};
/* End PBXProject section */

/* Begin PBXResourcesBuildPhase section */
		0429DB971A0B5FD300C7851C /* Resources */ = {
			isa = PBXResourcesBuildPhase;
			buildActionMask = 2147483647;
			files = (
				0429DBA81A0B5FD300C7851C /* Main.storyboard in Resources */,
				0429DBAD1A0B5FD300C7851C /* LaunchScreen.xib in Resources */,
				0429DBAA1A0B5FD300C7851C /* Images.xcassets in Resources */,
			);
			runOnlyForDeploymentPostprocessing = 0;
		};
		0429DBB01A0B5FD300C7851C /* Resources */ = {
			isa = PBXResourcesBuildPhase;
			buildActionMask = 2147483647;
			files = (
			);
			runOnlyForDeploymentPostprocessing = 0;
		};
/* End PBXResourcesBuildPhase section */

/* Begin PBXSourcesBuildPhase section */
		0429DB951A0B5FD300C7851C /* Sources */ = {
			isa = PBXSourcesBuildPhase;
			buildActionMask = 2147483647;
			files = (
				0429DBD81A0B7CE700C7851C /* TFScrollNavigationBar.m in Sources */,
				0429DBD21A0B70C800C7851C /* TestViewController.m in Sources */,
				0429DBA21A0B5FD300C7851C /* AppDelegate.m in Sources */,
				0429DBCB1A0B658F00C7851C /* TFScrollNavigationRootViewController.m in Sources */,
				0429DBDC1A0B9B4000C7851C /* UIColor+BTTools.m in Sources */,
				0429DBD51A0B77F500C7851C /* BTTestBController.m in Sources */,
				0429DB9F1A0B5FD300C7851C /* main.m in Sources */,
				0429DBCF1A0B691700C7851C /* BTTestAController.m in Sources */,
				0429DBC81A0B62E000C7851C /* TFScrollNavigationController.m in Sources */,
			);
			runOnlyForDeploymentPostprocessing = 0;
		};
		0429DBAE1A0B5FD300C7851C /* Sources */ = {
			isa = PBXSourcesBuildPhase;
			buildActionMask = 2147483647;
			files = (
				0429DBB91A0B5FD300C7851C /* _0141106_02ScrollNavigation__Tests.m in Sources */,
			);
			runOnlyForDeploymentPostprocessing = 0;
		};
/* End PBXSourcesBuildPhase section */

/* Begin PBXTargetDependency section */
		0429DBB41A0B5FD300C7851C /* PBXTargetDependency */ = {
			isa = PBXTargetDependency;
			target = 0429DB981A0B5FD300C7851C /* 20141106-02ScrollNavigation框架 */;
			targetProxy = 0429DBB31A0B5FD300C7851C /* PBXContainerItemProxy */;
		};
/* End PBXTargetDependency section */

/* Begin PBXVariantGroup section */
		0429DBA61A0B5FD300C7851C /* Main.storyboard */ = {
			isa = PBXVariantGroup;
			children = (
				0429DBA71A0B5FD300C7851C /* Base */,
			);
			name = Main.storyboard;
			sourceTree = "<group>";
		};
		0429DBAB1A0B5FD300C7851C /* LaunchScreen.xib */ = {
			isa = PBXVariantGroup;
			children = (
				0429DBAC1A0B5FD300C7851C /* Base */,
			);
			name = LaunchScreen.xib;
			sourceTree = "<group>";
		};
/* End PBXVariantGroup section */

/* Begin XCBuildConfiguration section */
		0429DBBA1A0B5FD300C7851C /* Debug */ = {
			isa = XCBuildConfiguration;
			buildSettings = {
				ALWAYS_SEARCH_USER_PATHS = NO;
				CLANG_CXX_LANGUAGE_STANDARD = "gnu++0x";
				CLANG_CXX_LIBRARY = "libc++";
				CLANG_ENABLE_MODULES = YES;
				CLANG_ENABLE_OBJC_ARC = YES;
				CLANG_WARN_BOOL_CONVERSION = YES;
				CLANG_WARN_CONSTANT_CONVERSION = YES;
				CLANG_WARN_DIRECT_OBJC_ISA_USAGE = YES_ERROR;
				CLANG_WARN_EMPTY_BODY = YES;
				CLANG_WARN_ENUM_CONVERSION = YES;
				CLANG_WARN_INT_CONVERSION = YES;
				CLANG_WARN_OBJC_ROOT_CLASS = YES_ERROR;
				CLANG_WARN_UNREACHABLE_CODE = YES;
				CLANG_WARN__DUPLICATE_METHOD_MATCH = YES;
				"CODE_SIGN_IDENTITY[sdk=iphoneos*]" = "iPhone Developer";
				COPY_PHASE_STRIP = NO;
				ENABLE_STRICT_OBJC_MSGSEND = YES;
				GCC_C_LANGUAGE_STANDARD = gnu99;
				GCC_DYNAMIC_NO_PIC = NO;
				GCC_OPTIMIZATION_LEVEL = 0;
				GCC_PREPROCESSOR_DEFINITIONS = (
					"DEBUG=1",
					"$(inherited)",
				);
				GCC_SYMBOLS_PRIVATE_EXTERN = NO;
				GCC_WARN_64_TO_32_BIT_CONVERSION = YES;
				GCC_WARN_ABOUT_RETURN_TYPE = YES_ERROR;
				GCC_WARN_UNDECLARED_SELECTOR = YES;
				GCC_WARN_UNINITIALIZED_AUTOS = YES_AGGRESSIVE;
				GCC_WARN_UNUSED_FUNCTION = YES;
				GCC_WARN_UNUSED_VARIABLE = YES;
				IPHONEOS_DEPLOYMENT_TARGET = 8.1;
				MTL_ENABLE_DEBUG_INFO = YES;
				ONLY_ACTIVE_ARCH = YES;
				SDKROOT = iphoneos;
				TARGETED_DEVICE_FAMILY = "1,2";
			};
			name = Debug;
		};
		0429DBBB1A0B5FD300C7851C /* Release */ = {
			isa = XCBuildConfiguration;
			buildSettings = {
				ALWAYS_SEARCH_USER_PATHS = NO;
				CLANG_CXX_LANGUAGE_STANDARD = "gnu++0x";
				CLANG_CXX_LIBRARY = "libc++";
				CLANG_ENABLE_MODULES = YES;
				CLANG_ENABLE_OBJC_ARC = YES;
				CLANG_WARN_BOOL_CONVERSION = YES;
				CLANG_WARN_CONSTANT_CONVERSION = YES;
				CLANG_WARN_DIRECT_OBJC_ISA_USAGE = YES_ERROR;
				CLANG_WARN_EMPTY_BODY = YES;
				CLANG_WARN_ENUM_CONVERSION = YES;
				CLANG_WARN_INT_CONVERSION = YES;
				CLANG_WARN_OBJC_ROOT_CLASS = YES_ERROR;
				CLANG_WARN_UNREACHABLE_CODE = YES;
				CLANG_WARN__DUPLICATE_METHOD_MATCH = YES;
				"CODE_SIGN_IDENTITY[sdk=iphoneos*]" = "iPhone Developer";
				COPY_PHASE_STRIP = YES;
				ENABLE_NS_ASSERTIONS = NO;
				ENABLE_STRICT_OBJC_MSGSEND = YES;
				GCC_C_LANGUAGE_STANDARD = gnu99;
				GCC_WARN_64_TO_32_BIT_CONVERSION = YES;
				GCC_WARN_ABOUT_RETURN_TYPE = YES_ERROR;
				GCC_WARN_UNDECLARED_SELECTOR = YES;
				GCC_WARN_UNINITIALIZED_AUTOS = YES_AGGRESSIVE;
				GCC_WARN_UNUSED_FUNCTION = YES;
				GCC_WARN_UNUSED_VARIABLE = YES;
				IPHONEOS_DEPLOYMENT_TARGET = 8.1;
				MTL_ENABLE_DEBUG_INFO = NO;
				SDKROOT = iphoneos;
				TARGETED_DEVICE_FAMILY = "1,2";
				VALIDATE_PRODUCT = YES;
			};
			name = Release;
		};
		0429DBBD1A0B5FD300C7851C /* Debug */ = {
			isa = XCBuildConfiguration;
			buildSettings = {
				ASSETCATALOG_COMPILER_APPICON_NAME = AppIcon;
				INFOPLIST_FILE = "20141106-02ScrollNavigation框架/Info.plist";
				IPHONEOS_DEPLOYMENT_TARGET = 7.0;
				LD_RUNPATH_SEARCH_PATHS = "$(inherited) @executable_path/Frameworks";
				PRODUCT_NAME = "$(TARGET_NAME)";
			};
			name = Debug;
		};
		0429DBBE1A0B5FD300C7851C /* Release */ = {
			isa = XCBuildConfiguration;
			buildSettings = {
				ASSETCATALOG_COMPILER_APPICON_NAME = AppIcon;
				INFOPLIST_FILE = "20141106-02ScrollNavigation框架/Info.plist";
				IPHONEOS_DEPLOYMENT_TARGET = 7.0;
				LD_RUNPATH_SEARCH_PATHS = "$(inherited) @executable_path/Frameworks";
				PRODUCT_NAME = "$(TARGET_NAME)";
			};
			name = Release;
		};
		0429DBC01A0B5FD300C7851C /* Debug */ = {
			isa = XCBuildConfiguration;
			buildSettings = {
				BUNDLE_LOADER = "$(TEST_HOST)";
				FRAMEWORK_SEARCH_PATHS = (
					"$(SDKROOT)/Developer/Library/Frameworks",
					"$(inherited)",
				);
				GCC_PREPROCESSOR_DEFINITIONS = (
					"DEBUG=1",
					"$(inherited)",
				);
				INFOPLIST_FILE = "20141106-02ScrollNavigation框架Tests/Info.plist";
				LD_RUNPATH_SEARCH_PATHS = "$(inherited) @executable_path/Frameworks @loader_path/Frameworks";
				PRODUCT_NAME = "$(TARGET_NAME)";
				TEST_HOST = "$(BUILT_PRODUCTS_DIR)/20141106-02ScrollNavigation框架.app/20141106-02ScrollNavigation框架";
			};
			name = Debug;
		};
		0429DBC11A0B5FD300C7851C /* Release */ = {
			isa = XCBuildConfiguration;
			buildSettings = {
				BUNDLE_LOADER = "$(TEST_HOST)";
				FRAMEWORK_SEARCH_PATHS = (
					"$(SDKROOT)/Developer/Library/Frameworks",
					"$(inherited)",
				);
				INFOPLIST_FILE = "20141106-02ScrollNavigation框架Tests/Info.plist";
				LD_RUNPATH_SEARCH_PATHS = "$(inherited) @executable_path/Frameworks @loader_path/Frameworks";
				PRODUCT_NAME = "$(TARGET_NAME)";
				TEST_HOST = "$(BUILT_PRODUCTS_DIR)/20141106-02ScrollNavigation框架.app/20141106-02ScrollNavigation框架";
			};
			name = Release;
		};
/* End XCBuildConfiguration section */

/* Begin XCConfigurationList section */
		0429DB941A0B5FD300C7851C /* Build configuration list for PBXProject "20141106-02ScrollNavigation框架" */ = {
			isa = XCConfigurationList;
			buildConfigurations = (
				0429DBBA1A0B5FD300C7851C /* Debug */,
				0429DBBB1A0B5FD300C7851C /* Release */,
			);
			defaultConfigurationIsVisible = 0;
			defaultConfigurationName = Release;
		};
		0429DBBC1A0B5FD300C7851C /* Build configuration list for PBXNativeTarget "20141106-02ScrollNavigation框架" */ = {
			isa = XCConfigurationList;
			buildConfigurations = (
				0429DBBD1A0B5FD300C7851C /* Debug */,
				0429DBBE1A0B5FD300C7851C /* Release */,
			);
			defaultConfigurationIsVisible = 0;
			defaultConfigurationName = Release;
		};
		0429DBBF1A0B5FD300C7851C /* Build configuration list for PBXNativeTarget "20141106-02ScrollNavigation框架Tests" */ = {
			isa = XCConfigurationList;
			buildConfigurations = (
				0429DBC01A0B5FD300C7851C /* Debug */,
				0429DBC11A0B5FD300C7851C /* Release */,
			);
			defaultConfigurationIsVisible = 0;
			defaultConfigurationName = Release;
		};
/* End XCConfigurationList section */
	};
	rootObject = 0429DB911A0B5FD300C7851C /* Project object */;
}
